
Microsoft Visual Studio Solution File, Format Version 12.00
# Visual Studio Version 17
VisualStudioVersion = 17.9.34728.123
MinimumVisualStudioVersion = 10.0.40219.1
Project("{FAE04EC0-301F-11D3-BF4B-00C04F79EFBC}") = "BulkyWeb", "BulkyWeb\BulkyWeb.csproj", "{621314EB-CB33-4C38-9EA9-FE2F68C73772}"
EndProject
Global
	GlobalSection(SolutionConfigurationPlatforms) = preSolution
		Debug|Any CPU = Debug|Any CPU
		Release|Any CPU = Release|Any CPU
	EndGlobalSection
	GlobalSection(ProjectConfigurationPlatforms) = postSolution
		{621314EB-CB33-4C38-9EA9-FE2F68C73772}.Debug|Any CPU.ActiveCfg = Debug|Any CPU
		{621314EB-CB33-4C38-9EA9-FE2F68C73772}.Debug|Any CPU.Build.0 = Debug|Any CPU
		{621314EB-CB33-4C38-9EA9-FE2F68C73772}.Release|Any CPU.ActiveCfg = Release|Any CPU
		{621314EB-CB33-4C38-9EA9-FE2F68C73772}.Release|Any CPU.Build.0 = Release|Any CPU
	EndGlobalSection
	GlobalSection(SolutionProperties) = preSolution
		HideSolutionNode = FALSE
	EndGlobalSection
	GlobalSection(ExtensibilityGlobals) = postSolution
		SolutionGuid = {7DE81229-EDAC-48EA-9C78-7AAE5FAD75E2}
	EndGlobalSection
EndGlobal
