
Microsoft Visual Studio Solution File, Format Version 12.00
# Visual Studio Version 17
VisualStudioVersion = 17.9.34728.123
MinimumVisualStudioVersion = 10.0.40219.1
Project("{9A19103F-16F7-4668-BE54-9A1E7A4F7556}") = "BulkyBookWeb", "BulkyWeb\BulkyBookWeb.csproj", "{621314EB-CB33-4C38-9EA9-FE2F68C73772}"
EndProject
Project("{9A19103F-16F7-4668-BE54-9A1E7A4F7556}") = "BulkyBook.DataAccess", "Bulky.DataAccess\BulkyBook.DataAccess.csproj", "{CEE295B0-7A3D-445E-9E32-447F86BC96F6}"
EndProject
Project("{9A19103F-16F7-4668-BE54-9A1E7A4F7556}") = "BulkyBook.Models", "Bulky.Model\BulkyBook.Models.csproj", "{C623EAAB-29AF-4250-AF9A-E1AB8F41F96A}"
EndProject
Project("{9A19103F-16F7-4668-BE54-9A1E7A4F7556}") = "BulkyBook.Ultility", "Bulky.Ultility\BulkyBook.Ultility.csproj", "{C6659834-6E84-4FDD-B8DD-344733135C89}"
EndProject
Global
	GlobalSection(SolutionConfigurationPlatforms) = preSolution
		Debug|Any CPU = Debug|Any CPU
		Release|Any CPU = Release|Any CPU
	EndGlobalSection
	GlobalSection(ProjectConfigurationPlatforms) = postSolution
		{621314EB-CB33-4C38-9EA9-FE2F68C73772}.Debug|Any CPU.ActiveCfg = Debug|Any CPU
		{621314EB-CB33-4C38-9EA9-FE2F68C73772}.Debug|Any CPU.Build.0 = Debug|Any CPU
		{621314EB-CB33-4C38-9EA9-FE2F68C73772}.Release|Any CPU.ActiveCfg = Release|Any CPU
		{621314EB-CB33-4C38-9EA9-FE2F68C73772}.Release|Any CPU.Build.0 = Release|Any CPU
		{CEE295B0-7A3D-445E-9E32-447F86BC96F6}.Debug|Any CPU.ActiveCfg = Debug|Any CPU
		{CEE295B0-7A3D-445E-9E32-447F86BC96F6}.Debug|Any CPU.Build.0 = Debug|Any CPU
		{CEE295B0-7A3D-445E-9E32-447F86BC96F6}.Release|Any CPU.ActiveCfg = Release|Any CPU
		{CEE295B0-7A3D-445E-9E32-447F86BC96F6}.Release|Any CPU.Build.0 = Release|Any CPU
		{C623EAAB-29AF-4250-AF9A-E1AB8F41F96A}.Debug|Any CPU.ActiveCfg = Debug|Any CPU
		{C623EAAB-29AF-4250-AF9A-E1AB8F41F96A}.Debug|Any CPU.Build.0 = Debug|Any CPU
		{C623EAAB-29AF-4250-AF9A-E1AB8F41F96A}.Release|Any CPU.ActiveCfg = Release|Any CPU
		{C623EAAB-29AF-4250-AF9A-E1AB8F41F96A}.Release|Any CPU.Build.0 = Release|Any CPU
		{C6659834-6E84-4FDD-B8DD-344733135C89}.Debug|Any CPU.ActiveCfg = Debug|Any CPU
		{C6659834-6E84-4FDD-B8DD-344733135C89}.Debug|Any CPU.Build.0 = Debug|Any CPU
		{C6659834-6E84-4FDD-B8DD-344733135C89}.Release|Any CPU.ActiveCfg = Release|Any CPU
		{C6659834-6E84-4FDD-B8DD-344733135C89}.Release|Any CPU.Build.0 = Release|Any CPU
	EndGlobalSection
	GlobalSection(SolutionProperties) = preSolution
		HideSolutionNode = FALSE
	EndGlobalSection
	GlobalSection(ExtensibilityGlobals) = postSolution
		SolutionGuid = {7DE81229-EDAC-48EA-9C78-7AAE5FAD75E2}
	EndGlobalSection
EndGlobal
